
Microsoft Visual Studio Solution File, Format Version 12.00
# Visual Studio Version 16
VisualStudioVersion = 16.0.31729.503
MinimumVisualStudioVersion = 10.0.40219.1
Project("{FAE04EC0-301F-11D3-BF4B-00C04F79EFBC}") = "Kurs Interfeces", "Kurs Interfeces.csproj", "{58780A35-DD8F-49EB-AC33-0DE8F68D71BE}"
EndProject
Global
	GlobalSection(SolutionConfigurationPlatforms) = preSolution
		Debug|Any CPU = Debug|Any CPU
		Release|Any CPU = Release|Any CPU
	EndGlobalSection
	GlobalSection(ProjectConfigurationPlatforms) = postSolution
		{58780A35-DD8F-49EB-AC33-0DE8F68D71BE}.Debug|Any CPU.ActiveCfg = Debug|Any CPU
		{58780A35-DD8F-49EB-AC33-0DE8F68D71BE}.Debug|Any CPU.Build.0 = Debug|Any CPU
		{58780A35-DD8F-49EB-AC33-0DE8F68D71BE}.Release|Any CPU.ActiveCfg = Release|Any CPU
		{58780A35-DD8F-49EB-AC33-0DE8F68D71BE}.Release|Any CPU.Build.0 = Release|Any CPU
	EndGlobalSection
	GlobalSection(SolutionProperties) = preSolution
		HideSolutionNode = FALSE
	EndGlobalSection
	GlobalSection(ExtensibilityGlobals) = postSolution
		SolutionGuid = {7206A650-4E53-4C3C-8092-E2E07E2DF54D}
	EndGlobalSection
EndGlobal
